
Microsoft Visual Studio Solution File, Format Version 12.00
# Visual Studio Version 16
VisualStudioVersion = 16.0.32929.386
MinimumVisualStudioVersion = 10.0.40219.1
Project("{FAE04EC0-301F-11D3-BF4B-00C04F79EFBC}") = "WebApp", "WebApp\WebApp.csproj", "{CE9DB4EA-2EE5-4C66-BB2E-2742B3AEE9E9}"
EndProject
Project("{FAE04EC0-301F-11D3-BF4B-00C04F79EFBC}") = "Negocio", "Negocio\Negocio.csproj", "{95612139-E034-4A90-AEE2-8D349BAFC383}"
EndProject
Project("{FAE04EC0-301F-11D3-BF4B-00C04F79EFBC}") = "Dominio", "Dominio\Dominio.csproj", "{B3549395-C6FF-49B8-A559-348F036BC616}"
EndProject
Project("{FAE04EC0-301F-11D3-BF4B-00C04F79EFBC}") = "AccesoBD", "AccesoBD\AccesoBD.csproj", "{1F74BCB3-29E5-4476-B984-D4912D868962}"
EndProject
Global
	GlobalSection(SolutionConfigurationPlatforms) = preSolution
		Debug|Any CPU = Debug|Any CPU
		Release|Any CPU = Release|Any CPU
	EndGlobalSection
	GlobalSection(ProjectConfigurationPlatforms) = postSolution
		{CE9DB4EA-2EE5-4C66-BB2E-2742B3AEE9E9}.Debug|Any CPU.ActiveCfg = Debug|Any CPU
		{CE9DB4EA-2EE5-4C66-BB2E-2742B3AEE9E9}.Debug|Any CPU.Build.0 = Debug|Any CPU
		{CE9DB4EA-2EE5-4C66-BB2E-2742B3AEE9E9}.Release|Any CPU.ActiveCfg = Release|Any CPU
		{CE9DB4EA-2EE5-4C66-BB2E-2742B3AEE9E9}.Release|Any CPU.Build.0 = Release|Any CPU
		{95612139-E034-4A90-AEE2-8D349BAFC383}.Debug|Any CPU.ActiveCfg = Debug|Any CPU
		{95612139-E034-4A90-AEE2-8D349BAFC383}.Debug|Any CPU.Build.0 = Debug|Any CPU
		{95612139-E034-4A90-AEE2-8D349BAFC383}.Release|Any CPU.ActiveCfg = Release|Any CPU
		{95612139-E034-4A90-AEE2-8D349BAFC383}.Release|Any CPU.Build.0 = Release|Any CPU
		{B3549395-C6FF-49B8-A559-348F036BC616}.Debug|Any CPU.ActiveCfg = Debug|Any CPU
		{B3549395-C6FF-49B8-A559-348F036BC616}.Debug|Any CPU.Build.0 = Debug|Any CPU
		{B3549395-C6FF-49B8-A559-348F036BC616}.Release|Any CPU.ActiveCfg = Release|Any CPU
		{B3549395-C6FF-49B8-A559-348F036BC616}.Release|Any CPU.Build.0 = Release|Any CPU
		{1F74BCB3-29E5-4476-B984-D4912D868962}.Debug|Any CPU.ActiveCfg = Debug|Any CPU
		{1F74BCB3-29E5-4476-B984-D4912D868962}.Debug|Any CPU.Build.0 = Debug|Any CPU
		{1F74BCB3-29E5-4476-B984-D4912D868962}.Release|Any CPU.ActiveCfg = Release|Any CPU
		{1F74BCB3-29E5-4476-B984-D4912D868962}.Release|Any CPU.Build.0 = Release|Any CPU
	EndGlobalSection
	GlobalSection(SolutionProperties) = preSolution
		HideSolutionNode = FALSE
	EndGlobalSection
	GlobalSection(ExtensibilityGlobals) = postSolution
		SolutionGuid = {DB9EEA4B-5D3B-4CB2-B9EE-87D84D004546}
	EndGlobalSection
EndGlobal
